
Microsoft Visual Studio Solution File, Format Version 12.00
# Visual Studio Version 17
VisualStudioVersion = 17.0.31903.59
MinimumVisualStudioVersion = 10.0.40219.1
Project("{FAE04EC0-301F-11D3-BF4B-00C04F79EFBC}") = "Guint", "Guint\Guint.csproj", "{ADAF90DF-5CB8-44AA-9D0C-F137EC4CAEF3}"
EndProject
Global
	GlobalSection(SolutionConfigurationPlatforms) = preSolution
		Debug|Any CPU = Debug|Any CPU
		Release|Any CPU = Release|Any CPU
	EndGlobalSection
	GlobalSection(ProjectConfigurationPlatforms) = postSolution
		{ADAF90DF-5CB8-44AA-9D0C-F137EC4CAEF3}.Debug|Any CPU.ActiveCfg = Debug|Any CPU
		{ADAF90DF-5CB8-44AA-9D0C-F137EC4CAEF3}.Debug|Any CPU.Build.0 = Debug|Any CPU
		{ADAF90DF-5CB8-44AA-9D0C-F137EC4CAEF3}.Release|Any CPU.ActiveCfg = Release|Any CPU
		{ADAF90DF-5CB8-44AA-9D0C-F137EC4CAEF3}.Release|Any CPU.Build.0 = Release|Any CPU
	EndGlobalSection
	GlobalSection(SolutionProperties) = preSolution
		HideSolutionNode = FALSE
	EndGlobalSection
	GlobalSection(ExtensibilityGlobals) = postSolution
		SolutionGuid = {1818A22A-8865-413F-A85C-423824B89515}
	EndGlobalSection
EndGlobal
